
Microsoft Visual Studio Solution File, Format Version 12.00
# Visual Studio Version 17
VisualStudioVersion = 17.1.32228.430
MinimumVisualStudioVersion = 10.0.40219.1
Project("{9A19103F-16F7-4668-BE54-9A1E7A4F7556}") = "SDK", "SDK\SDK.csproj", "{8FAC7CDA-4768-4A3A-89C6-9DB51C36BFE6}"
EndProject
Project("{9A19103F-16F7-4668-BE54-9A1E7A4F7556}") = "Home", "..\Home\Home.csproj", "{4FE1C8FD-AEA1-4EA8-B650-2229FF7AD4EC}"
EndProject
Project("{2150E333-8FDC-42A3-9474-1A3956D46DE8}") = "Solution Items", "Solution Items", "{5C8335F7-D4E0-4E94-968D-BE4D384A8CCE}"
	ProjectSection(SolutionItems) = preProject
		..\.github\workflows\deploy.yaml = ..\.github\workflows\deploy.yaml
		..\Readme.md = ..\Readme.md
	EndProjectSection
EndProject
Global
	GlobalSection(SolutionConfigurationPlatforms) = preSolution
		Debug|Any CPU = Debug|Any CPU
		Release|Any CPU = Release|Any CPU
	EndGlobalSection
	GlobalSection(ProjectConfigurationPlatforms) = postSolution
		{8FAC7CDA-4768-4A3A-89C6-9DB51C36BFE6}.Debug|Any CPU.ActiveCfg = Debug|Any CPU
		{8FAC7CDA-4768-4A3A-89C6-9DB51C36BFE6}.Debug|Any CPU.Build.0 = Debug|Any CPU
		{8FAC7CDA-4768-4A3A-89C6-9DB51C36BFE6}.Release|Any CPU.ActiveCfg = Release|Any CPU
		{8FAC7CDA-4768-4A3A-89C6-9DB51C36BFE6}.Release|Any CPU.Build.0 = Release|Any CPU
		{4FE1C8FD-AEA1-4EA8-B650-2229FF7AD4EC}.Debug|Any CPU.ActiveCfg = Debug|Any CPU
		{4FE1C8FD-AEA1-4EA8-B650-2229FF7AD4EC}.Debug|Any CPU.Build.0 = Debug|Any CPU
		{4FE1C8FD-AEA1-4EA8-B650-2229FF7AD4EC}.Release|Any CPU.ActiveCfg = Release|Any CPU
		{4FE1C8FD-AEA1-4EA8-B650-2229FF7AD4EC}.Release|Any CPU.Build.0 = Release|Any CPU
	EndGlobalSection
	GlobalSection(SolutionProperties) = preSolution
		HideSolutionNode = FALSE
	EndGlobalSection
	GlobalSection(ExtensibilityGlobals) = postSolution
		SolutionGuid = {FE8BCD56-66E2-4841-88C3-23EE99E98612}
	EndGlobalSection
EndGlobal
